
Microsoft Visual Studio Solution File, Format Version 12.00
# Visual Studio Version 17
VisualStudioVersion = 17.8.34309.116
MinimumVisualStudioVersion = 10.0.40219.1
Project("{FAE04EC0-301F-11D3-BF4B-00C04F79EFBC}") = "BWClient", "BWClient\BWClient.csproj", "{A0B5283D-7263-43A5-8437-9A8BEDDC4260}"
EndProject
Global
	GlobalSection(SolutionConfigurationPlatforms) = preSolution
		Debug|Any CPU = Debug|Any CPU
		Release|Any CPU = Release|Any CPU
	EndGlobalSection
	GlobalSection(ProjectConfigurationPlatforms) = postSolution
		{A0B5283D-7263-43A5-8437-9A8BEDDC4260}.Debug|Any CPU.ActiveCfg = Debug|Any CPU
		{A0B5283D-7263-43A5-8437-9A8BEDDC4260}.Debug|Any CPU.Build.0 = Debug|Any CPU
		{A0B5283D-7263-43A5-8437-9A8BEDDC4260}.Release|Any CPU.ActiveCfg = Release|Any CPU
		{A0B5283D-7263-43A5-8437-9A8BEDDC4260}.Release|Any CPU.Build.0 = Release|Any CPU
	EndGlobalSection
	GlobalSection(SolutionProperties) = preSolution
		HideSolutionNode = FALSE
	EndGlobalSection
	GlobalSection(ExtensibilityGlobals) = postSolution
		SolutionGuid = {5F7CFD8E-556E-4FE5-9880-D6A1D6121D97}
	EndGlobalSection
EndGlobal
